// !$*UTF8*$!
{
	archiveVersion = 1;
	classes = {
	};
	objectVersion = 77;
	objects = {

/* Begin PBXBuildFile section */
		2A7074D02CDC943200C6C276 /* AppDelegate.swift in Sources */ = {isa = PBXBuildFile; fileRef = 2A7074C42CDC943200C6C276 /* AppDelegate.swift */; };
		2A7074D12CDC943200C6C276 /* dummypets.xcdatamodeld in Sources */ = {isa = PBXBuildFile; fileRef = 2A7074C62CDC943200C6C276 /* dummypets.xcdatamodeld */; };
		2A7074D22CDC943200C6C276 /* SceneDelegate.swift in Sources */ = {isa = PBXBuildFile; fileRef = 2A7074CC2CDC943200C6C276 /* SceneDelegate.swift */; };
		2A7074D32CDC943200C6C276 /* ViewController.swift in Sources */ = {isa = PBXBuildFile; fileRef = 2A7074CD2CDC943200C6C276 /* ViewController.swift */; };
		2A7074D42CDC943200C6C276 /* Assets.xcassets in Resources */ = {isa = PBXBuildFile; fileRef = 2A7074C52CDC943200C6C276 /* Assets.xcassets */; };
		2A7074D62CDC943200C6C276 /* LaunchScreen.storyboard in Resources */ = {isa = PBXBuildFile; fileRef = 2A7074C92CDC943200C6C276 /* LaunchScreen.storyboard */; };
		2A7074D72CDC943200C6C276 /* Main.storyboard in Resources */ = {isa = PBXBuildFile; fileRef = 2A7074CB2CDC943200C6C276 /* Main.storyboard */; };
		2A7074D92CDC976C00C6C276 /* VerifyViewController.swift in Sources */ = {isa = PBXBuildFile; fileRef = 2A7074D82CDC976C00C6C276 /* VerifyViewController.swift */; };
		2A7074DD2CDC977400C6C276 /* PasswordViewController.swift in Sources */ = {isa = PBXBuildFile; fileRef = 2A7074DC2CDC977400C6C276 /* PasswordViewController.swift */; };
		2A7074DE2CDC977400C6C276 /* LoginViewController.swift in Sources */ = {isa = PBXBuildFile; fileRef = 2A7074DA2CDC977400C6C276 /* LoginViewController.swift */; };
		2A7074DF2CDC977400C6C276 /* MobileViewController.swift in Sources */ = {isa = PBXBuildFile; fileRef = 2A7074DB2CDC977400C6C276 /* MobileViewController.swift */; };
		2A7074E12CDC981100C6C276 /* ExtensionDesignable.swift in Sources */ = {isa = PBXBuildFile; fileRef = 2A7074E02CDC981100C6C276 /* ExtensionDesignable.swift */; };
/* End PBXBuildFile section */

/* Begin PBXFileReference section */
		2A7074A92CDC942A00C6C276 /* dummypets.app */ = {isa = PBXFileReference; explicitFileType = wrapper.application; includeInIndex = 0; path = dummypets.app; sourceTree = BUILT_PRODUCTS_DIR; };
		2A7074C42CDC943200C6C276 /* AppDelegate.swift */ = {isa = PBXFileReference; lastKnownFileType = sourcecode.swift; path = AppDelegate.swift; sourceTree = "<group>"; };
		2A7074C52CDC943200C6C276 /* Assets.xcassets */ = {isa = PBXFileReference; lastKnownFileType = folder.assetcatalog; path = Assets.xcassets; sourceTree = "<group>"; };
		2A7074C72CDC943200C6C276 /* Info.plist */ = {isa = PBXFileReference; lastKnownFileType = text.plist.xml; path = Info.plist; sourceTree = "<group>"; };
		2A7074C82CDC943200C6C276 /* Base */ = {isa = PBXFileReference; lastKnownFileType = file.storyboard; name = Base; path = Base.lproj/LaunchScreen.storyboard; sourceTree = "<group>"; };
		2A7074CA2CDC943200C6C276 /* Base */ = {isa = PBXFileReference; lastKnownFileType = file.storyboard; name = Base; path = Base.lproj/Main.storyboard; sourceTree = "<group>"; };
		2A7074CC2CDC943200C6C276 /* SceneDelegate.swift */ = {isa = PBXFileReference; lastKnownFileType = sourcecode.swift; path = SceneDelegate.swift; sourceTree = "<group>"; };
		2A7074CD2CDC943200C6C276 /* ViewController.swift */ = {isa = PBXFileReference; lastKnownFileType = sourcecode.swift; path = ViewController.swift; sourceTree = "<group>"; };
		2A7074CF2CDC943200C6C276 /* dummypets.xcdatamodel */ = {isa = PBXFileReference; lastKnownFileType = wrapper.xcdatamodel; path = dummypets.xcdatamodel; sourceTree = "<group>"; };
		2A7074D82CDC976C00C6C276 /* VerifyViewController.swift */ = {isa = PBXFileReference; lastKnownFileType = sourcecode.swift; path = VerifyViewController.swift; sourceTree = "<group>"; };
		2A7074DA2CDC977400C6C276 /* LoginViewController.swift */ = {isa = PBXFileReference; lastKnownFileType = sourcecode.swift; path = LoginViewController.swift; sourceTree = "<group>"; };
		2A7074DB2CDC977400C6C276 /* MobileViewController.swift */ = {isa = PBXFileReference; lastKnownFileType = sourcecode.swift; path = MobileViewController.swift; sourceTree = "<group>"; };
		2A7074DC2CDC977400C6C276 /* PasswordViewController.swift */ = {isa = PBXFileReference; lastKnownFileType = sourcecode.swift; path = PasswordViewController.swift; sourceTree = "<group>"; };
		2A7074E02CDC981100C6C276 /* ExtensionDesignable.swift */ = {isa = PBXFileReference; lastKnownFileType = sourcecode.swift; path = ExtensionDesignable.swift; sourceTree = "<group>"; };
/* End PBXFileReference section */

/* Begin PBXFrameworksBuildPhase section */
		2A7074A62CDC942A00C6C276 /* Frameworks */ = {
			isa = PBXFrameworksBuildPhase;
			buildActionMask = 2147483647;
			files = (
			);
			runOnlyForDeploymentPostprocessing = 0;
		};
/* End PBXFrameworksBuildPhase section */

/* Begin PBXGroup section */
		2A7074A02CDC942A00C6C276 = {
			isa = PBXGroup;
			children = (
				2A7074CE2CDC943200C6C276 /* dummypets */,
				2A7074AA2CDC942A00C6C276 /* Products */,
			);
			sourceTree = "<group>";
		};
		2A7074AA2CDC942A00C6C276 /* Products */ = {
			isa = PBXGroup;
			children = (
				2A7074A92CDC942A00C6C276 /* dummypets.app */,
			);
			name = Products;
			sourceTree = "<group>";
		};
		2A7074CE2CDC943200C6C276 /* dummypets */ = {
			isa = PBXGroup;
			children = (
				2A7074E32CDC988500C6C276 /* Help */,
				2A7074E22CDC986C00C6C276 /* loginandverfiy */,
				2A7074C42CDC943200C6C276 /* AppDelegate.swift */,
				2A7074C52CDC943200C6C276 /* Assets.xcassets */,
				2A7074C62CDC943200C6C276 /* dummypets.xcdatamodeld */,
				2A7074C72CDC943200C6C276 /* Info.plist */,
				2A7074C92CDC943200C6C276 /* LaunchScreen.storyboard */,
				2A7074CB2CDC943200C6C276 /* Main.storyboard */,
				2A7074CC2CDC943200C6C276 /* SceneDelegate.swift */,
				2A7074CD2CDC943200C6C276 /* ViewController.swift */,
			);
			path = dummypets;
			sourceTree = "<group>";
		};
		2A7074E22CDC986C00C6C276 /* loginandverfiy */ = {
			isa = PBXGroup;
			children = (
				2A7074D82CDC976C00C6C276 /* VerifyViewController.swift */,
				2A7074DA2CDC977400C6C276 /* LoginViewController.swift */,
				2A7074DB2CDC977400C6C276 /* MobileViewController.swift */,
				2A7074DC2CDC977400C6C276 /* PasswordViewController.swift */,
			);
			path = loginandverfiy;
			sourceTree = "<group>";
		};
		2A7074E32CDC988500C6C276 /* Help */ = {
			isa = PBXGroup;
			children = (
				2A7074E02CDC981100C6C276 /* ExtensionDesignable.swift */,
			);
			path = Help;
			sourceTree = "<group>";
		};
/* End PBXGroup section */

/* Begin PBXNativeTarget section */
		2A7074A82CDC942A00C6C276 /* dummypets */ = {
			isa = PBXNativeTarget;
			buildConfigurationList = 2A7074BF2CDC942B00C6C276 /* Build configuration list for PBXNativeTarget "dummypets" */;
			buildPhases = (
				2A7074A52CDC942A00C6C276 /* Sources */,
				2A7074A62CDC942A00C6C276 /* Frameworks */,
				2A7074A72CDC942A00C6C276 /* Resources */,
			);
			buildRules = (
			);
			dependencies = (
			);
			name = dummypets;
			packageProductDependencies = (
			);
			productName = dummypets;
			productReference = 2A7074A92CDC942A00C6C276 /* dummypets.app */;
			productType = "com.apple.product-type.application";
		};
/* End PBXNativeTarget section */

/* Begin PBXProject section */
		2A7074A12CDC942A00C6C276 /* Project object */ = {
			isa = PBXProject;
			attributes = {
				BuildIndependentTargetsInParallel = 1;
				LastSwiftUpdateCheck = 1610;
				LastUpgradeCheck = 1610;
				TargetAttributes = {
					2A7074A82CDC942A00C6C276 = {
						CreatedOnToolsVersion = 16.1;
					};
				};
			};
			buildConfigurationList = 2A7074A42CDC942A00C6C276 /* Build configuration list for PBXProject "dummypets" */;
			developmentRegion = en;
			hasScannedForEncodings = 0;
			knownRegions = (
				en,
				Base,
			);
			mainGroup = 2A7074A02CDC942A00C6C276;
			minimizedProjectReferenceProxies = 1;
			preferredProjectObjectVersion = 77;
			productRefGroup = 2A7074AA2CDC942A00C6C276 /* Products */;
			projectDirPath = "";
			projectRoot = "";
			targets = (
				2A7074A82CDC942A00C6C276 /* dummypets */,
			);
		};
/* End PBXProject section */

/* Begin PBXResourcesBuildPhase section */
		2A7074A72CDC942A00C6C276 /* Resources */ = {
			isa = PBXResourcesBuildPhase;
			buildActionMask = 2147483647;
			files = (
				2A7074D42CDC943200C6C276 /* Assets.xcassets in Resources */,
				2A7074D62CDC943200C6C276 /* LaunchScreen.storyboard in Resources */,
				2A7074D72CDC943200C6C276 /* Main.storyboard in Resources */,
			);
			runOnlyForDeploymentPostprocessing = 0;
		};
/* End PBXResourcesBuildPhase section */

/* Begin PBXSourcesBuildPhase section */
		2A7074A52CDC942A00C6C276 /* Sources */ = {
			isa = PBXSourcesBuildPhase;
			buildActionMask = 2147483647;
			files = (
				2A7074E12CDC981100C6C276 /* ExtensionDesignable.swift in Sources */,
				2A7074D02CDC943200C6C276 /* AppDelegate.swift in Sources */,
				2A7074DD2CDC977400C6C276 /* PasswordViewController.swift in Sources */,
				2A7074DE2CDC977400C6C276 /* LoginViewController.swift in Sources */,
				2A7074DF2CDC977400C6C276 /* MobileViewController.swift in Sources */,
				2A7074D12CDC943200C6C276 /* dummypets.xcdatamodeld in Sources */,
				2A7074D22CDC943200C6C276 /* SceneDelegate.swift in Sources */,
				2A7074D92CDC976C00C6C276 /* VerifyViewController.swift in Sources */,
				2A7074D32CDC943200C6C276 /* ViewController.swift in Sources */,
			);
			runOnlyForDeploymentPostprocessing = 0;
		};
/* End PBXSourcesBuildPhase section */

/* Begin PBXVariantGroup section */
		2A7074C92CDC943200C6C276 /* LaunchScreen.storyboard */ = {
			isa = PBXVariantGroup;
			children = (
				2A7074C82CDC943200C6C276 /* Base */,
			);
			name = LaunchScreen.storyboard;
			sourceTree = "<group>";
		};
		2A7074CB2CDC943200C6C276 /* Main.storyboard */ = {
			isa = PBXVariantGroup;
			children = (
				2A7074CA2CDC943200C6C276 /* Base */,
			);
			name = Main.storyboard;
			sourceTree = "<group>";
		};
/* End PBXVariantGroup section */

/* Begin XCBuildConfiguration section */
		2A7074C02CDC942B00C6C276 /* Debug */ = {
			isa = XCBuildConfiguration;
			buildSettings = {
				ASSETCATALOG_COMPILER_APPICON_NAME = AppIcon;
				ASSETCATALOG_COMPILER_GLOBAL_ACCENT_COLOR_NAME = AccentColor;
				CODE_SIGN_STYLE = Automatic;
				CURRENT_PROJECT_VERSION = 1;
				DEVELOPMENT_TEAM = QNZR9R63L6;
				GENERATE_INFOPLIST_FILE = YES;
				INFOPLIST_FILE = dummypets/Info.plist;
				INFOPLIST_KEY_UIApplicationSupportsIndirectInputEvents = YES;
				INFOPLIST_KEY_UILaunchStoryboardName = LaunchScreen;
				INFOPLIST_KEY_UIMainStoryboardFile = Main;
				INFOPLIST_KEY_UISupportedInterfaceOrientations_iPad = "UIInterfaceOrientationPortrait UIInterfaceOrientationPortraitUpsideDown UIInterfaceOrientationLandscapeLeft UIInterfaceOrientationLandscapeRight";
				INFOPLIST_KEY_UISupportedInterfaceOrientations_iPhone = "UIInterfaceOrientationPortrait UIInterfaceOrientationLandscapeLeft UIInterfaceOrientationLandscapeRight";
				LD_RUNPATH_SEARCH_PATHS = (
					"$(inherited)",
					"@executable_path/Frameworks",
				);
				MARKETING_VERSION = 1.0;
				PRODUCT_BUNDLE_IDENTIFIER = dummy.demoapp.dummypets;
				PRODUCT_NAME = "$(TARGET_NAME)";
				SWIFT_EMIT_LOC_STRINGS = YES;
				SWIFT_VERSION = 5.0;
				TARGETED_DEVICE_FAMILY = "1,2";
			};
			name = Debug;
		};
		2A7074C12CDC942B00C6C276 /* Release */ = {
			isa = XCBuildConfiguration;
			buildSettings = {
				ASSETCATALOG_COMPILER_APPICON_NAME = AppIcon;
				ASSETCATALOG_COMPILER_GLOBAL_ACCENT_COLOR_NAME = AccentColor;
				CODE_SIGN_STYLE = Automatic;
				CURRENT_PROJECT_VERSION = 1;
				DEVELOPMENT_TEAM = QNZR9R63L6;
				GENERATE_INFOPLIST_FILE = YES;
				INFOPLIST_FILE = dummypets/Info.plist;
				INFOPLIST_KEY_UIApplicationSupportsIndirectInputEvents = YES;
				INFOPLIST_KEY_UILaunchStoryboardName = LaunchScreen;
				INFOPLIST_KEY_UIMainStoryboardFile = Main;
				INFOPLIST_KEY_UISupportedInterfaceOrientations_iPad = "UIInterfaceOrientationPortrait UIInterfaceOrientationPortraitUpsideDown UIInterfaceOrientationLandscapeLeft UIInterfaceOrientationLandscapeRight";
				INFOPLIST_KEY_UISupportedInterfaceOrientations_iPhone = "UIInterfaceOrientationPortrait UIInterfaceOrientationLandscapeLeft UIInterfaceOrientationLandscapeRight";
				LD_RUNPATH_SEARCH_PATHS = (
					"$(inherited)",
					"@executable_path/Frameworks",
				);
				MARKETING_VERSION = 1.0;
				PRODUCT_BUNDLE_IDENTIFIER = dummy.demoapp.dummypets;
				PRODUCT_NAME = "$(TARGET_NAME)";
				SWIFT_EMIT_LOC_STRINGS = YES;
				SWIFT_VERSION = 5.0;
				TARGETED_DEVICE_FAMILY = "1,2";
			};
			name = Release;
		};
		2A7074C22CDC942B00C6C276 /* Debug */ = {
			isa = XCBuildConfiguration;
			buildSettings = {
				ALWAYS_SEARCH_USER_PATHS = NO;
				ASSETCATALOG_COMPILER_GENERATE_SWIFT_ASSET_SYMBOL_EXTENSIONS = YES;
				CLANG_ANALYZER_NONNULL = YES;
				CLANG_ANALYZER_NUMBER_OBJECT_CONVERSION = YES_AGGRESSIVE;
				CLANG_CXX_LANGUAGE_STANDARD = "gnu++20";
				CLANG_ENABLE_MODULES = YES;
				CLANG_ENABLE_OBJC_ARC = YES;
				CLANG_ENABLE_OBJC_WEAK = YES;
				CLANG_WARN_BLOCK_CAPTURE_AUTORELEASING = YES;
				CLANG_WARN_BOOL_CONVERSION = YES;
				CLANG_WARN_COMMA = YES;
				CLANG_WARN_CONSTANT_CONVERSION = YES;
				CLANG_WARN_DEPRECATED_OBJC_IMPLEMENTATIONS = YES;
				CLANG_WARN_DIRECT_OBJC_ISA_USAGE = YES_ERROR;
				CLANG_WARN_DOCUMENTATION_COMMENTS = YES;
				CLANG_WARN_EMPTY_BODY = YES;
				CLANG_WARN_ENUM_CONVERSION = YES;
				CLANG_WARN_INFINITE_RECURSION = YES;
				CLANG_WARN_INT_CONVERSION = YES;
				CLANG_WARN_NON_LITERAL_NULL_CONVERSION = YES;
				CLANG_WARN_OBJC_IMPLICIT_RETAIN_SELF = YES;
				CLANG_WARN_OBJC_LITERAL_CONVERSION = YES;
				CLANG_WARN_OBJC_ROOT_CLASS = YES_ERROR;
				CLANG_WARN_QUOTED_INCLUDE_IN_FRAMEWORK_HEADER = YES;
				CLANG_WARN_RANGE_LOOP_ANALYSIS = YES;
				CLANG_WARN_STRICT_PROTOTYPES = YES;
				CLANG_WARN_SUSPICIOUS_MOVE = YES;
				CLANG_WARN_UNGUARDED_AVAILABILITY = YES_AGGRESSIVE;
				CLANG_WARN_UNREACHABLE_CODE = YES;
				CLANG_WARN__DUPLICATE_METHOD_MATCH = YES;
				COPY_PHASE_STRIP = NO;
				DEBUG_INFORMATION_FORMAT = dwarf;
				ENABLE_STRICT_OBJC_MSGSEND = YES;
				ENABLE_TESTABILITY = YES;
				ENABLE_USER_SCRIPT_SANDBOXING = YES;
				GCC_C_LANGUAGE_STANDARD = gnu17;
				GCC_DYNAMIC_NO_PIC = NO;
				GCC_NO_COMMON_BLOCKS = YES;
				GCC_OPTIMIZATION_LEVEL = 0;
				GCC_PREPROCESSOR_DEFINITIONS = (
					"DEBUG=1",
					"$(inherited)",
				);
				GCC_WARN_64_TO_32_BIT_CONVERSION = YES;
				GCC_WARN_ABOUT_RETURN_TYPE = YES_ERROR;
				GCC_WARN_UNDECLARED_SELECTOR = YES;
				GCC_WARN_UNINITIALIZED_AUTOS = YES_AGGRESSIVE;
				GCC_WARN_UNUSED_FUNCTION = YES;
				GCC_WARN_UNUSED_VARIABLE = YES;
				IPHONEOS_DEPLOYMENT_TARGET = 18.1;
				LOCALIZATION_PREFERS_STRING_CATALOGS = YES;
				MTL_ENABLE_DEBUG_INFO = INCLUDE_SOURCE;
				MTL_FAST_MATH = YES;
				ONLY_ACTIVE_ARCH = YES;
				SDKROOT = iphoneos;
				SWIFT_ACTIVE_COMPILATION_CONDITIONS = "DEBUG $(inherited)";
				SWIFT_OPTIMIZATION_LEVEL = "-Onone";
			};
			name = Debug;
		};
		2A7074C32CDC942B00C6C276 /* Release */ = {
			isa = XCBuildConfiguration;
			buildSettings = {
				ALWAYS_SEARCH_USER_PATHS = NO;
				ASSETCATALOG_COMPILER_GENERATE_SWIFT_ASSET_SYMBOL_EXTENSIONS = YES;
				CLANG_ANALYZER_NONNULL = YES;
				CLANG_ANALYZER_NUMBER_OBJECT_CONVERSION = YES_AGGRESSIVE;
				CLANG_CXX_LANGUAGE_STANDARD = "gnu++20";
				CLANG_ENABLE_MODULES = YES;
				CLANG_ENABLE_OBJC_ARC = YES;
				CLANG_ENABLE_OBJC_WEAK = YES;
				CLANG_WARN_BLOCK_CAPTURE_AUTORELEASING = YES;
				CLANG_WARN_BOOL_CONVERSION = YES;
				CLANG_WARN_COMMA = YES;
				CLANG_WARN_CONSTANT_CONVERSION = YES;
				CLANG_WARN_DEPRECATED_OBJC_IMPLEMENTATIONS = YES;
				CLANG_WARN_DIRECT_OBJC_ISA_USAGE = YES_ERROR;
				CLANG_WARN_DOCUMENTATION_COMMENTS = YES;
				CLANG_WARN_EMPTY_BODY = YES;
				CLANG_WARN_ENUM_CONVERSION = YES;
				CLANG_WARN_INFINITE_RECURSION = YES;
				CLANG_WARN_INT_CONVERSION = YES;
				CLANG_WARN_NON_LITERAL_NULL_CONVERSION = YES;
				CLANG_WARN_OBJC_IMPLICIT_RETAIN_SELF = YES;
				CLANG_WARN_OBJC_LITERAL_CONVERSION = YES;
				CLANG_WARN_OBJC_ROOT_CLASS = YES_ERROR;
				CLANG_WARN_QUOTED_INCLUDE_IN_FRAMEWORK_HEADER = YES;
				CLANG_WARN_RANGE_LOOP_ANALYSIS = YES;
				CLANG_WARN_STRICT_PROTOTYPES = YES;
				CLANG_WARN_SUSPICIOUS_MOVE = YES;
				CLANG_WARN_UNGUARDED_AVAILABILITY = YES_AGGRESSIVE;
				CLANG_WARN_UNREACHABLE_CODE = YES;
				CLANG_WARN__DUPLICATE_METHOD_MATCH = YES;
				COPY_PHASE_STRIP = NO;
				DEBUG_INFORMATION_FORMAT = "dwarf-with-dsym";
				ENABLE_NS_ASSERTIONS = NO;
				ENABLE_STRICT_OBJC_MSGSEND = YES;
				ENABLE_USER_SCRIPT_SANDBOXING = YES;
				GCC_C_LANGUAGE_STANDARD = gnu17;
				GCC_NO_COMMON_BLOCKS = YES;
				GCC_WARN_64_TO_32_BIT_CONVERSION = YES;
				GCC_WARN_ABOUT_RETURN_TYPE = YES_ERROR;
				GCC_WARN_UNDECLARED_SELECTOR = YES;
				GCC_WARN_UNINITIALIZED_AUTOS = YES_AGGRESSIVE;
				GCC_WARN_UNUSED_FUNCTION = YES;
				GCC_WARN_UNUSED_VARIABLE = YES;
				IPHONEOS_DEPLOYMENT_TARGET = 18.1;
				LOCALIZATION_PREFERS_STRING_CATALOGS = YES;
				MTL_ENABLE_DEBUG_INFO = NO;
				MTL_FAST_MATH = YES;
				SDKROOT = iphoneos;
				SWIFT_COMPILATION_MODE = wholemodule;
				VALIDATE_PRODUCT = YES;
			};
			name = Release;
		};
/* End XCBuildConfiguration section */

/* Begin XCConfigurationList section */
		2A7074A42CDC942A00C6C276 /* Build configuration list for PBXProject "dummypets" */ = {
			isa = XCConfigurationList;
			buildConfigurations = (
				2A7074C22CDC942B00C6C276 /* Debug */,
				2A7074C32CDC942B00C6C276 /* Release */,
			);
			defaultConfigurationIsVisible = 0;
			defaultConfigurationName = Release;
		};
		2A7074BF2CDC942B00C6C276 /* Build configuration list for PBXNativeTarget "dummypets" */ = {
			isa = XCConfigurationList;
			buildConfigurations = (
				2A7074C02CDC942B00C6C276 /* Debug */,
				2A7074C12CDC942B00C6C276 /* Release */,
			);
			defaultConfigurationIsVisible = 0;
			defaultConfigurationName = Release;
		};
/* End XCConfigurationList section */

/* Begin XCVersionGroup section */
		2A7074C62CDC943200C6C276 /* dummypets.xcdatamodeld */ = {
			isa = XCVersionGroup;
			children = (
				2A7074CF2CDC943200C6C276 /* dummypets.xcdatamodel */,
			);
			currentVersion = 2A7074CF2CDC943200C6C276 /* dummypets.xcdatamodel */;
			path = dummypets.xcdatamodeld;
			sourceTree = "<group>";
			versionGroupType = wrapper.xcdatamodel;
		};
/* End XCVersionGroup section */
	};
	rootObject = 2A7074A12CDC942A00C6C276 /* Project object */;
}
